# Generated by buf. DO NOT EDIT.
version: v2
deps:
  - name: buf.build/envoyproxy/protoc-gen-validate
    commit: 6607b10f00ed4a3d98f906807131c44a
    digest: b5:ade405ac4328bd0a2cf83c93bcb4bc389d4897afd86a0096df4537b180916882da4e4f0c2d45f0b1554d7a6c87f6c5bc94b71b3555ca71cc31a9a8baed26a9f9
  - name: buf.build/googleapis/googleapis
    commit: 75b4300737fb4efca0831636be94e517
    digest: b5:d227a018d00bd477f62a1b3f394c87c142f7429b8bf046f7d5e6a1bb3d0e5293a96491d50825983683c295f038cdace614d258a083baa5f766985c9e618c5d2a
  - name: buf.build/grpc-ecosystem/grpc-gateway
    commit: a1ecdc58eccd49aa8bea2a7a9022dc27
    digest: b5:74f71040b7c3dfc67bc5e5cf358eafaaf0ca9a7b623d025e2102cd9659f11f87cd2caadb4cfd1e323fd39f5ac855dbd722a0bf68ec51abfdb5da794728d42714
